<?xml version="1.0" encoding="utf-8"?>
<Project ToolsVersion="4.0" xmlns="http://schemas.microsoft.com/developer/msbuild/2003">
  <ItemGroup>
    <ClCompile Include="dllmain.cpp" />
    <ClCompile Include="GameEntry.cpp" />
    <ClCompile Include="pch.cpp" />
  </ItemGroup>
  <ItemGroup>
    <ClInclude Include="framework.h" />
    <ClInclude Include="pch.h" />
    <ClInclude Include="Scripts\BulletShooterScript.hpp" />
    <ClInclude Include="Scripts\CameraController.hpp" />
    <ClInclude Include="Scripts\EngineAPI.hpp" />
    <ClInclude Include="Scripts\FollowerScript.hpp" />
    <ClInclude Include="Scripts\Gears.hpp" />
    <ClInclude Include="Scripts\k1bswitch.hpp" />
    <ClInclude Include="Scripts\k2bswitch.hpp" />
    <ClInclude Include="Scripts\LightSwitch.hpp" />
    <ClInclude Include="Scripts\MaterialSequencer.hpp" />
    <ClInclude Include="Scripts\ParentControllerScript.hpp" />
    <ClInclude Include="Scripts\PhysicsPlayerController.hpp" />
    <ClInclude Include="Scripts\PlayerCamera.hpp" />
    <ClInclude Include="Scripts\PlayerController.hpp" />
    <ClInclude Include="Scripts\PlayerScript.hpp" />
    <ClInclude Include="Scripts\PrefabSpawnerScript.hpp" />
    <ClInclude Include="Scripts\TestScript.hpp" />
    <ClInclude Include="Scripts\TextureSwitch.hpp" />
    <ClInclude Include="Scripts\TweenExampleScript.hpp" />
    <ClInclude Include="Scripts\Pickable.hpp" />
    <ClInclude Include="Scripts\RenderSettingsDemo.hpp" />
    <ClInclude Include="Scripts\GameObjectExamples.hpp" />
    <ClInclude Include="Scripts\Example_EnumField.hpp" />
    <ClInclude Include="Scripts\Example_Template.hpp" />
    <ClInclude Include="Scripts\Grabbable.hpp" />
    <ClInclude Include="Scripts\Grabber.hpp" />
    <ClInclude Include="Scripts\Highlightable_.hpp" />
    <ClInclude Include="Scripts\Highlightable_Material.hpp" />
    <ClInclude Include="Scripts\Interactable_.hpp" />
    <ClInclude Include="Scripts\Interactable_Bool.hpp" />
    <ClInclude Include="Scripts\Interactable_WireButton.hpp" />
    <ClInclude Include="Scripts\Manager_.hpp" />
    <ClInclude Include="Scripts\Miscellaneous_ICOSwitcher.hpp" />
    <ClInclude Include="Scripts\Player_Controller.hpp" />
    <ClInclude Include="Scripts\Player_Raycast.hpp" />
    <ClInclude Include="Scripts\Puzzle_.hpp" />
    <ClInclude Include="Scripts\Puzzle_Lever.hpp" />
    <ClInclude Include="Scripts\Puzzle_OneWaySwitch.hpp" />
    <ClInclude Include="Scripts\Puzzle_Sinkhole.hpp" />
    <ClInclude Include="Scripts\Puzzle_TwoStateRotater.hpp" />
    <ClInclude Include="Scripts\Puzzle_Wire.hpp" />
    <ClInclude Include="Scripts\WireChild.hpp" />
    <ClInclude Include="Scripts\ColliderTest.hpp" />
    <ClInclude Include="Scripts\UI_MasterVolumeButtons.hpp" />
  </ItemGroup>
</Project>